
Microsoft Visual Studio Solution File, Format Version 12.00
# Visual Studio Version 16
VisualStudioVersion = 16.0.30907.101
MinimumVisualStudioVersion = 10.0.40219.1
Project("{9A19103F-16F7-4668-BE54-9A1E7A4F7556}") = "ContosoUniversity", "ContosoUniversity\ContosoUniversity.csproj", "{2FCC8D59-358F-4B97-B9CD-D4675D0BF372}"
EndProject
Global
	GlobalSection(SolutionConfigurationPlatforms) = preSolution
		Debug|Any CPU = Debug|Any CPU
		Release|Any CPU = Release|Any CPU
	EndGlobalSection
	GlobalSection(ProjectConfigurationPlatforms) = postSolution
		{2FCC8D59-358F-4B97-B9CD-D4675D0BF372}.Debug|Any CPU.ActiveCfg = Debug|Any CPU
		{2FCC8D59-358F-4B97-B9CD-D4675D0BF372}.Debug|Any CPU.Build.0 = Debug|Any CPU
		{2FCC8D59-358F-4B97-B9CD-D4675D0BF372}.Release|Any CPU.ActiveCfg = Release|Any CPU
		{2FCC8D59-358F-4B97-B9CD-D4675D0BF372}.Release|Any CPU.Build.0 = Release|Any CPU
	EndGlobalSection
	GlobalSection(SolutionProperties) = preSolution
		HideSolutionNode = FALSE
	EndGlobalSection
	GlobalSection(ExtensibilityGlobals) = postSolution
		SolutionGuid = {B6A52FC5-53B2-48B8-8B86-1041E327187E}
	EndGlobalSection
EndGlobal
